{
  "pins" : [
    {
      "identity" : "nwwebsocket",
      "kind" : "remoteSourceControl",
      "location" : "https://github.com/pusher/NWWebSocket.git",
      "state" : {
        "revision" : "1e545fcb53966272fc042aa17ae932f11239e00f",
        "version" : "0.5.4"
      }
    }
  ],
  "version" : 2
}
