// !$*UTF8*$!
{
	archiveVersion = 1;
	classes = {
	};
	objectVersion = 56;
	objects = {

/* Begin PBXBuildFile section */
		480989A22BB0C01900B49AE8 /* ValidationRelayApp.swift in Sources */ = {isa = PBXBuildFile; fileRef = 480989A12BB0C01900B49AE8 /* ValidationRelayApp.swift */; };
		480989A42BB0C01900B49AE8 /* ContentView.swift in Sources */ = {isa = PBXBuildFile; fileRef = 480989A32BB0C01900B49AE8 /* ContentView.swift */; };
		480989A62BB0C01A00B49AE8 /* Assets.xcassets in Resources */ = {isa = PBXBuildFile; fileRef = 480989A52BB0C01A00B49AE8 /* Assets.xcassets */; };
		480989A92BB0C01A00B49AE8 /* Preview Assets.xcassets in Resources */ = {isa = PBXBuildFile; fileRef = 480989A82BB0C01A00B49AE8 /* Preview Assets.xcassets */; };
		480989B32BB0C19300B49AE8 /* absd.defs in Sources */ = {isa = PBXBuildFile; fileRef = 480989B22BB0C0F800B49AE8 /* absd.defs */; settings = {ATTRIBUTES = (Client, ); }; };
		48D289112BB3579000EA9DEC /* libMobileGestalt.tbd in Frameworks */ = {isa = PBXBuildFile; fileRef = 48D289102BB3579000EA9DEC /* libMobileGestalt.tbd */; };
		48D289132BB3743F00EA9DEC /* ApplicationMonitor.swift in Sources */ = {isa = PBXBuildFile; fileRef = 48D289122BB3743F00EA9DEC /* ApplicationMonitor.swift */; };
		48D289152BB3745000EA9DEC /* LocationManager.swift in Sources */ = {isa = PBXBuildFile; fileRef = 48D289142BB3745000EA9DEC /* LocationManager.swift */; };
		48D289182BB3A5A700EA9DEC /* LogView.swift in Sources */ = {isa = PBXBuildFile; fileRef = 48D289172BB3A5A700EA9DEC /* LogView.swift */; };
		48D8604A2BB0DD110092EF79 /* ValidationData.swift in Sources */ = {isa = PBXBuildFile; fileRef = 48D860492BB0DD110092EF79 /* ValidationData.swift */; };
		48D8604D2BB1B8CC0092EF79 /* NWWebSocket in Frameworks */ = {isa = PBXBuildFile; productRef = 48D8604C2BB1B8CC0092EF79 /* NWWebSocket */; };
		48D8604F2BB1B8EB0092EF79 /* Relay.swift in Sources */ = {isa = PBXBuildFile; fileRef = 48D8604E2BB1B8EB0092EF79 /* Relay.swift */; };
/* End PBXBuildFile section */

/* Begin PBXFileReference section */
		4809899E2BB0C01900B49AE8 /* ValidationRelay.app */ = {isa = PBXFileReference; explicitFileType = wrapper.application; includeInIndex = 0; path = ValidationRelay.app; sourceTree = BUILT_PRODUCTS_DIR; };
		480989A12BB0C01900B49AE8 /* ValidationRelayApp.swift */ = {isa = PBXFileReference; lastKnownFileType = sourcecode.swift; path = ValidationRelayApp.swift; sourceTree = "<group>"; };
		480989A32BB0C01900B49AE8 /* ContentView.swift */ = {isa = PBXFileReference; lastKnownFileType = sourcecode.swift; path = ContentView.swift; sourceTree = "<group>"; usesTabs = 0; };
		480989A52BB0C01A00B49AE8 /* Assets.xcassets */ = {isa = PBXFileReference; lastKnownFileType = folder.assetcatalog; path = Assets.xcassets; sourceTree = "<group>"; };
		480989A82BB0C01A00B49AE8 /* Preview Assets.xcassets */ = {isa = PBXFileReference; lastKnownFileType = folder.assetcatalog; path = "Preview Assets.xcassets"; sourceTree = "<group>"; };
		480989AF2BB0C0AF00B49AE8 /* ValidationRelay-Bridging-Header.h */ = {isa = PBXFileReference; lastKnownFileType = sourcecode.c.h; path = "ValidationRelay-Bridging-Header.h"; sourceTree = "<group>"; };
		480989B22BB0C0F800B49AE8 /* absd.defs */ = {isa = PBXFileReference; lastKnownFileType = sourcecode.mig; path = absd.defs; sourceTree = "<group>"; };
		480989B42BB0D16400B49AE8 /* ValidationRelay.entitlements */ = {isa = PBXFileReference; lastKnownFileType = text.plist.entitlements; path = ValidationRelay.entitlements; sourceTree = "<group>"; };
		48D289102BB3579000EA9DEC /* libMobileGestalt.tbd */ = {isa = PBXFileReference; lastKnownFileType = "sourcecode.text-based-dylib-definition"; name = libMobileGestalt.tbd; path = usr/lib/libMobileGestalt.tbd; sourceTree = SDKROOT; };
		48D289122BB3743F00EA9DEC /* ApplicationMonitor.swift */ = {isa = PBXFileReference; lastKnownFileType = sourcecode.swift; path = ApplicationMonitor.swift; sourceTree = "<group>"; };
		48D289142BB3745000EA9DEC /* LocationManager.swift */ = {isa = PBXFileReference; lastKnownFileType = sourcecode.swift; path = LocationManager.swift; sourceTree = "<group>"; };
		48D289162BB374FA00EA9DEC /* Info.plist */ = {isa = PBXFileReference; lastKnownFileType = text.plist; path = Info.plist; sourceTree = "<group>"; };
		48D289172BB3A5A700EA9DEC /* LogView.swift */ = {isa = PBXFileReference; lastKnownFileType = sourcecode.swift; path = LogView.swift; sourceTree = "<group>"; };
		48D860482BB0D7BF0092EF79 /* build.sh */ = {isa = PBXFileReference; lastKnownFileType = text.script.sh; path = build.sh; sourceTree = "<group>"; };
		48D860492BB0DD110092EF79 /* ValidationData.swift */ = {isa = PBXFileReference; lastKnownFileType = sourcecode.swift; path = ValidationData.swift; sourceTree = "<group>"; };
		48D8604E2BB1B8EB0092EF79 /* Relay.swift */ = {isa = PBXFileReference; lastKnownFileType = sourcecode.swift; path = Relay.swift; sourceTree = "<group>"; };
/* End PBXFileReference section */

/* Begin PBXFrameworksBuildPhase section */
		4809899B2BB0C01900B49AE8 /* Frameworks */ = {
			isa = PBXFrameworksBuildPhase;
			buildActionMask = 2147483647;
			files = (
				48D289112BB3579000EA9DEC /* libMobileGestalt.tbd in Frameworks */,
				48D8604D2BB1B8CC0092EF79 /* NWWebSocket in Frameworks */,
			);
			runOnlyForDeploymentPostprocessing = 0;
		};
/* End PBXFrameworksBuildPhase section */

/* Begin PBXGroup section */
		480989952BB0C01900B49AE8 = {
			isa = PBXGroup;
			children = (
				48D860482BB0D7BF0092EF79 /* build.sh */,
				480989A02BB0C01900B49AE8 /* ValidationRelay */,
				4809899F2BB0C01900B49AE8 /* Products */,
				48D2890F2BB3579000EA9DEC /* Frameworks */,
			);
			sourceTree = "<group>";
		};
		4809899F2BB0C01900B49AE8 /* Products */ = {
			isa = PBXGroup;
			children = (
				4809899E2BB0C01900B49AE8 /* ValidationRelay.app */,
			);
			name = Products;
			sourceTree = "<group>";
		};
		480989A02BB0C01900B49AE8 /* ValidationRelay */ = {
			isa = PBXGroup;
			children = (
				48D289162BB374FA00EA9DEC /* Info.plist */,
				480989B42BB0D16400B49AE8 /* ValidationRelay.entitlements */,
				480989B22BB0C0F800B49AE8 /* absd.defs */,
				480989A12BB0C01900B49AE8 /* ValidationRelayApp.swift */,
				480989A32BB0C01900B49AE8 /* ContentView.swift */,
				480989A52BB0C01A00B49AE8 /* Assets.xcassets */,
				480989A72BB0C01A00B49AE8 /* Preview Content */,
				480989AF2BB0C0AF00B49AE8 /* ValidationRelay-Bridging-Header.h */,
				48D860492BB0DD110092EF79 /* ValidationData.swift */,
				48D8604E2BB1B8EB0092EF79 /* Relay.swift */,
				48D289122BB3743F00EA9DEC /* ApplicationMonitor.swift */,
				48D289142BB3745000EA9DEC /* LocationManager.swift */,
				48D289172BB3A5A700EA9DEC /* LogView.swift */,
			);
			path = ValidationRelay;
			sourceTree = "<group>";
		};
		480989A72BB0C01A00B49AE8 /* Preview Content */ = {
			isa = PBXGroup;
			children = (
				480989A82BB0C01A00B49AE8 /* Preview Assets.xcassets */,
			);
			path = "Preview Content";
			sourceTree = "<group>";
		};
		48D2890F2BB3579000EA9DEC /* Frameworks */ = {
			isa = PBXGroup;
			children = (
				48D289102BB3579000EA9DEC /* libMobileGestalt.tbd */,
			);
			name = Frameworks;
			sourceTree = "<group>";
		};
/* End PBXGroup section */

/* Begin PBXNativeTarget section */
		4809899D2BB0C01900B49AE8 /* ValidationRelay */ = {
			isa = PBXNativeTarget;
			buildConfigurationList = 480989AC2BB0C01A00B49AE8 /* Build configuration list for PBXNativeTarget "ValidationRelay" */;
			buildPhases = (
				4809899A2BB0C01900B49AE8 /* Sources */,
				4809899B2BB0C01900B49AE8 /* Frameworks */,
				4809899C2BB0C01900B49AE8 /* Resources */,
			);
			buildRules = (
			);
			dependencies = (
			);
			name = ValidationRelay;
			packageProductDependencies = (
				48D8604C2BB1B8CC0092EF79 /* NWWebSocket */,
			);
			productName = ValidationRelay;
			productReference = 4809899E2BB0C01900B49AE8 /* ValidationRelay.app */;
			productType = "com.apple.product-type.application";
		};
/* End PBXNativeTarget section */

/* Begin PBXProject section */
		480989962BB0C01900B49AE8 /* Project object */ = {
			isa = PBXProject;
			attributes = {
				BuildIndependentTargetsInParallel = 1;
				LastSwiftUpdateCheck = 1520;
				LastUpgradeCheck = 1520;
				TargetAttributes = {
					4809899D2BB0C01900B49AE8 = {
						CreatedOnToolsVersion = 15.2;
						LastSwiftMigration = 1520;
					};
				};
			};
			buildConfigurationList = 480989992BB0C01900B49AE8 /* Build configuration list for PBXProject "ValidationRelay" */;
			compatibilityVersion = "Xcode 14.0";
			developmentRegion = en;
			hasScannedForEncodings = 0;
			knownRegions = (
				en,
				Base,
			);
			mainGroup = 480989952BB0C01900B49AE8;
			packageReferences = (
				48D8604B2BB1B8CC0092EF79 /* XCRemoteSwiftPackageReference "NWWebSocket" */,
			);
			productRefGroup = 4809899F2BB0C01900B49AE8 /* Products */;
			projectDirPath = "";
			projectRoot = "";
			targets = (
				4809899D2BB0C01900B49AE8 /* ValidationRelay */,
			);
		};
/* End PBXProject section */

/* Begin PBXResourcesBuildPhase section */
		4809899C2BB0C01900B49AE8 /* Resources */ = {
			isa = PBXResourcesBuildPhase;
			buildActionMask = 2147483647;
			files = (
				480989A92BB0C01A00B49AE8 /* Preview Assets.xcassets in Resources */,
				480989A62BB0C01A00B49AE8 /* Assets.xcassets in Resources */,
			);
			runOnlyForDeploymentPostprocessing = 0;
		};
/* End PBXResourcesBuildPhase section */

/* Begin PBXSourcesBuildPhase section */
		4809899A2BB0C01900B49AE8 /* Sources */ = {
			isa = PBXSourcesBuildPhase;
			buildActionMask = 2147483647;
			files = (
				48D8604A2BB0DD110092EF79 /* ValidationData.swift in Sources */,
				48D289132BB3743F00EA9DEC /* ApplicationMonitor.swift in Sources */,
				480989B32BB0C19300B49AE8 /* absd.defs in Sources */,
				48D289152BB3745000EA9DEC /* LocationManager.swift in Sources */,
				480989A42BB0C01900B49AE8 /* ContentView.swift in Sources */,
				48D289182BB3A5A700EA9DEC /* LogView.swift in Sources */,
				480989A22BB0C01900B49AE8 /* ValidationRelayApp.swift in Sources */,
				48D8604F2BB1B8EB0092EF79 /* Relay.swift in Sources */,
			);
			runOnlyForDeploymentPostprocessing = 0;
		};
/* End PBXSourcesBuildPhase section */

/* Begin XCBuildConfiguration section */
		480989AA2BB0C01A00B49AE8 /* Debug */ = {
			isa = XCBuildConfiguration;
			buildSettings = {
				ALWAYS_SEARCH_USER_PATHS = NO;
				ASSETCATALOG_COMPILER_GENERATE_SWIFT_ASSET_SYMBOL_EXTENSIONS = YES;
				CLANG_ANALYZER_NONNULL = YES;
				CLANG_ANALYZER_NUMBER_OBJECT_CONVERSION = YES_AGGRESSIVE;
				CLANG_CXX_LANGUAGE_STANDARD = "gnu++20";
				CLANG_ENABLE_MODULES = YES;
				CLANG_ENABLE_OBJC_ARC = YES;
				CLANG_ENABLE_OBJC_WEAK = YES;
				CLANG_WARN_BLOCK_CAPTURE_AUTORELEASING = YES;
				CLANG_WARN_BOOL_CONVERSION = YES;
				CLANG_WARN_COMMA = YES;
				CLANG_WARN_CONSTANT_CONVERSION = YES;
				CLANG_WARN_DEPRECATED_OBJC_IMPLEMENTATIONS = YES;
				CLANG_WARN_DIRECT_OBJC_ISA_USAGE = YES_ERROR;
				CLANG_WARN_DOCUMENTATION_COMMENTS = YES;
				CLANG_WARN_EMPTY_BODY = YES;
				CLANG_WARN_ENUM_CONVERSION = YES;
				CLANG_WARN_INFINITE_RECURSION = YES;
				CLANG_WARN_INT_CONVERSION = YES;
				CLANG_WARN_NON_LITERAL_NULL_CONVERSION = YES;
				CLANG_WARN_OBJC_IMPLICIT_RETAIN_SELF = YES;
				CLANG_WARN_OBJC_LITERAL_CONVERSION = YES;
				CLANG_WARN_OBJC_ROOT_CLASS = YES_ERROR;
				CLANG_WARN_QUOTED_INCLUDE_IN_FRAMEWORK_HEADER = YES;
				CLANG_WARN_RANGE_LOOP_ANALYSIS = YES;
				CLANG_WARN_STRICT_PROTOTYPES = YES;
				CLANG_WARN_SUSPICIOUS_MOVE = YES;
				CLANG_WARN_UNGUARDED_AVAILABILITY = YES_AGGRESSIVE;
				CLANG_WARN_UNREACHABLE_CODE = YES;
				CLANG_WARN__DUPLICATE_METHOD_MATCH = YES;
				CODE_SIGN_IDENTITY = "";
				COPY_PHASE_STRIP = NO;
				DEBUG_INFORMATION_FORMAT = dwarf;
				ENABLE_STRICT_OBJC_MSGSEND = YES;
				ENABLE_TESTABILITY = YES;
				ENABLE_USER_SCRIPT_SANDBOXING = YES;
				GCC_C_LANGUAGE_STANDARD = gnu17;
				GCC_DYNAMIC_NO_PIC = NO;
				GCC_NO_COMMON_BLOCKS = YES;
				GCC_OPTIMIZATION_LEVEL = 0;
				GCC_PREPROCESSOR_DEFINITIONS = (
					"DEBUG=1",
					"$(inherited)",
				);
				GCC_WARN_64_TO_32_BIT_CONVERSION = YES;
				GCC_WARN_ABOUT_RETURN_TYPE = YES_ERROR;
				GCC_WARN_UNDECLARED_SELECTOR = YES;
				GCC_WARN_UNINITIALIZED_AUTOS = YES_AGGRESSIVE;
				GCC_WARN_UNUSED_FUNCTION = YES;
				GCC_WARN_UNUSED_VARIABLE = YES;
				IPHONEOS_DEPLOYMENT_TARGET = 17.2;
				LOCALIZATION_PREFERS_STRING_CATALOGS = YES;
				MTL_ENABLE_DEBUG_INFO = INCLUDE_SOURCE;
				MTL_FAST_MATH = YES;
				ONLY_ACTIVE_ARCH = YES;
				SDKROOT = iphoneos;
				SWIFT_ACTIVE_COMPILATION_CONDITIONS = "DEBUG $(inherited)";
				SWIFT_OPTIMIZATION_LEVEL = "-Onone";
			};
			name = Debug;
		};
		480989AB2BB0C01A00B49AE8 /* Release */ = {
			isa = XCBuildConfiguration;
			buildSettings = {
				ALWAYS_SEARCH_USER_PATHS = NO;
				ASSETCATALOG_COMPILER_GENERATE_SWIFT_ASSET_SYMBOL_EXTENSIONS = YES;
				CLANG_ANALYZER_NONNULL = YES;
				CLANG_ANALYZER_NUMBER_OBJECT_CONVERSION = YES_AGGRESSIVE;
				CLANG_CXX_LANGUAGE_STANDARD = "gnu++20";
				CLANG_ENABLE_MODULES = YES;
				CLANG_ENABLE_OBJC_ARC = YES;
				CLANG_ENABLE_OBJC_WEAK = YES;
				CLANG_WARN_BLOCK_CAPTURE_AUTORELEASING = YES;
				CLANG_WARN_BOOL_CONVERSION = YES;
				CLANG_WARN_COMMA = YES;
				CLANG_WARN_CONSTANT_CONVERSION = YES;
				CLANG_WARN_DEPRECATED_OBJC_IMPLEMENTATIONS = YES;
				CLANG_WARN_DIRECT_OBJC_ISA_USAGE = YES_ERROR;
				CLANG_WARN_DOCUMENTATION_COMMENTS = YES;
				CLANG_WARN_EMPTY_BODY = YES;
				CLANG_WARN_ENUM_CONVERSION = YES;
				CLANG_WARN_INFINITE_RECURSION = YES;
				CLANG_WARN_INT_CONVERSION = YES;
				CLANG_WARN_NON_LITERAL_NULL_CONVERSION = YES;
				CLANG_WARN_OBJC_IMPLICIT_RETAIN_SELF = YES;
				CLANG_WARN_OBJC_LITERAL_CONVERSION = YES;
				CLANG_WARN_OBJC_ROOT_CLASS = YES_ERROR;
				CLANG_WARN_QUOTED_INCLUDE_IN_FRAMEWORK_HEADER = YES;
				CLANG_WARN_RANGE_LOOP_ANALYSIS = YES;
				CLANG_WARN_STRICT_PROTOTYPES = YES;
				CLANG_WARN_SUSPICIOUS_MOVE = YES;
				CLANG_WARN_UNGUARDED_AVAILABILITY = YES_AGGRESSIVE;
				CLANG_WARN_UNREACHABLE_CODE = YES;
				CLANG_WARN__DUPLICATE_METHOD_MATCH = YES;
				CODE_SIGN_IDENTITY = "";
				COPY_PHASE_STRIP = NO;
				DEBUG_INFORMATION_FORMAT = "dwarf-with-dsym";
				ENABLE_NS_ASSERTIONS = NO;
				ENABLE_STRICT_OBJC_MSGSEND = YES;
				ENABLE_USER_SCRIPT_SANDBOXING = YES;
				GCC_C_LANGUAGE_STANDARD = gnu17;
				GCC_NO_COMMON_BLOCKS = YES;
				GCC_WARN_64_TO_32_BIT_CONVERSION = YES;
				GCC_WARN_ABOUT_RETURN_TYPE = YES_ERROR;
				GCC_WARN_UNDECLARED_SELECTOR = YES;
				GCC_WARN_UNINITIALIZED_AUTOS = YES_AGGRESSIVE;
				GCC_WARN_UNUSED_FUNCTION = YES;
				GCC_WARN_UNUSED_VARIABLE = YES;
				IPHONEOS_DEPLOYMENT_TARGET = 17.2;
				LOCALIZATION_PREFERS_STRING_CATALOGS = YES;
				MTL_ENABLE_DEBUG_INFO = NO;
				MTL_FAST_MATH = YES;
				SDKROOT = iphoneos;
				SWIFT_COMPILATION_MODE = wholemodule;
				VALIDATE_PRODUCT = YES;
			};
			name = Release;
		};
		480989AD2BB0C01A00B49AE8 /* Debug */ = {
			isa = XCBuildConfiguration;
			buildSettings = {
				ASSETCATALOG_COMPILER_APPICON_NAME = AppIcon;
				ASSETCATALOG_COMPILER_GLOBAL_ACCENT_COLOR_NAME = AccentColor;
				CLANG_ENABLE_MODULES = YES;
				CURRENT_PROJECT_VERSION = 1;
				DEVELOPMENT_ASSET_PATHS = "\"ValidationRelay/Preview Content\"";
				ENABLE_PREVIEWS = YES;
				GENERATE_INFOPLIST_FILE = YES;
				INFOPLIST_FILE = ValidationRelay/Info.plist;
				INFOPLIST_KEY_LSApplicationCategoryType = "public.app-category.developer-tools";
				INFOPLIST_KEY_UIApplicationSceneManifest_Generation = YES;
				INFOPLIST_KEY_UIApplicationSupportsIndirectInputEvents = YES;
				INFOPLIST_KEY_UILaunchScreen_Generation = YES;
				INFOPLIST_KEY_UISupportedInterfaceOrientations_iPad = "UIInterfaceOrientationPortrait UIInterfaceOrientationPortraitUpsideDown UIInterfaceOrientationLandscapeLeft UIInterfaceOrientationLandscapeRight";
				INFOPLIST_KEY_UISupportedInterfaceOrientations_iPhone = "UIInterfaceOrientationPortrait UIInterfaceOrientationLandscapeLeft UIInterfaceOrientationLandscapeRight";
				IPHONEOS_DEPLOYMENT_TARGET = 14.0;
				LD_RUNPATH_SEARCH_PATHS = (
					"$(inherited)",
					"@executable_path/Frameworks",
				);
				MARKETING_VERSION = 1.2;
				PRODUCT_BUNDLE_IDENTIFIER = dev.jjtech.experiments.ValidationRelay;
				PRODUCT_NAME = "$(TARGET_NAME)";
				SUPPORTED_PLATFORMS = "iphoneos iphonesimulator";
				SUPPORTS_MACCATALYST = NO;
				SUPPORTS_MAC_DESIGNED_FOR_IPHONE_IPAD = NO;
				SUPPORTS_XR_DESIGNED_FOR_IPHONE_IPAD = NO;
				SWIFT_EMIT_LOC_STRINGS = YES;
				SWIFT_OBJC_BRIDGING_HEADER = "ValidationRelay/ValidationRelay-Bridging-Header.h";
				SWIFT_OPTIMIZATION_LEVEL = "-Onone";
				SWIFT_VERSION = 5.0;
				TARGETED_DEVICE_FAMILY = "1,2";
			};
			name = Debug;
		};
		480989AE2BB0C01A00B49AE8 /* Release */ = {
			isa = XCBuildConfiguration;
			buildSettings = {
				ASSETCATALOG_COMPILER_APPICON_NAME = AppIcon;
				ASSETCATALOG_COMPILER_GLOBAL_ACCENT_COLOR_NAME = AccentColor;
				CLANG_ENABLE_MODULES = YES;
				CURRENT_PROJECT_VERSION = 1;
				DEVELOPMENT_ASSET_PATHS = "\"ValidationRelay/Preview Content\"";
				ENABLE_PREVIEWS = YES;
				GENERATE_INFOPLIST_FILE = YES;
				INFOPLIST_FILE = ValidationRelay/Info.plist;
				INFOPLIST_KEY_LSApplicationCategoryType = "public.app-category.developer-tools";
				INFOPLIST_KEY_UIApplicationSceneManifest_Generation = YES;
				INFOPLIST_KEY_UIApplicationSupportsIndirectInputEvents = YES;
				INFOPLIST_KEY_UILaunchScreen_Generation = YES;
				INFOPLIST_KEY_UISupportedInterfaceOrientations_iPad = "UIInterfaceOrientationPortrait UIInterfaceOrientationPortraitUpsideDown UIInterfaceOrientationLandscapeLeft UIInterfaceOrientationLandscapeRight";
				INFOPLIST_KEY_UISupportedInterfaceOrientations_iPhone = "UIInterfaceOrientationPortrait UIInterfaceOrientationLandscapeLeft UIInterfaceOrientationLandscapeRight";
				IPHONEOS_DEPLOYMENT_TARGET = 14.0;
				LD_RUNPATH_SEARCH_PATHS = (
					"$(inherited)",
					"@executable_path/Frameworks",
				);
				MARKETING_VERSION = 1.2;
				PRODUCT_BUNDLE_IDENTIFIER = dev.jjtech.experiments.ValidationRelay;
				PRODUCT_NAME = "$(TARGET_NAME)";
				SUPPORTED_PLATFORMS = "iphoneos iphonesimulator";
				SUPPORTS_MACCATALYST = NO;
				SUPPORTS_MAC_DESIGNED_FOR_IPHONE_IPAD = NO;
				SUPPORTS_XR_DESIGNED_FOR_IPHONE_IPAD = NO;
				SWIFT_EMIT_LOC_STRINGS = YES;
				SWIFT_OBJC_BRIDGING_HEADER = "ValidationRelay/ValidationRelay-Bridging-Header.h";
				SWIFT_VERSION = 5.0;
				TARGETED_DEVICE_FAMILY = "1,2";
			};
			name = Release;
		};
/* End XCBuildConfiguration section */

/* Begin XCConfigurationList section */
		480989992BB0C01900B49AE8 /* Build configuration list for PBXProject "ValidationRelay" */ = {
			isa = XCConfigurationList;
			buildConfigurations = (
				480989AA2BB0C01A00B49AE8 /* Debug */,
				480989AB2BB0C01A00B49AE8 /* Release */,
			);
			defaultConfigurationIsVisible = 0;
			defaultConfigurationName = Release;
		};
		480989AC2BB0C01A00B49AE8 /* Build configuration list for PBXNativeTarget "ValidationRelay" */ = {
			isa = XCConfigurationList;
			buildConfigurations = (
				480989AD2BB0C01A00B49AE8 /* Debug */,
				480989AE2BB0C01A00B49AE8 /* Release */,
			);
			defaultConfigurationIsVisible = 0;
			defaultConfigurationName = Release;
		};
/* End XCConfigurationList section */

/* Begin XCRemoteSwiftPackageReference section */
		48D8604B2BB1B8CC0092EF79 /* XCRemoteSwiftPackageReference "NWWebSocket" */ = {
			isa = XCRemoteSwiftPackageReference;
			repositoryURL = "https://github.com/pusher/NWWebSocket.git";
			requirement = {
				kind = upToNextMajorVersion;
				minimumVersion = 0.5.4;
			};
		};
/* End XCRemoteSwiftPackageReference section */

/* Begin XCSwiftPackageProductDependency section */
		48D8604C2BB1B8CC0092EF79 /* NWWebSocket */ = {
			isa = XCSwiftPackageProductDependency;
			package = 48D8604B2BB1B8CC0092EF79 /* XCRemoteSwiftPackageReference "NWWebSocket" */;
			productName = NWWebSocket;
		};
/* End XCSwiftPackageProductDependency section */
	};
	rootObject = 480989962BB0C01900B49AE8 /* Project object */;
}
